
Microsoft Visual Studio Solution File, Format Version 12.00
# Visual Studio Version 17
VisualStudioVersion = 17.3.32611.2
MinimumVisualStudioVersion = 10.0.40219.1
Project("{FAE04EC0-301F-11D3-BF4B-00C04F79EFBC}") = "WebApi.MinimalApi", "WebApi.MinimalApi\WebApi.MinimalApi.csproj", "{BABB422A-8789-49A2-A205-17906452AD73}"
EndProject
Project("{FAE04EC0-301F-11D3-BF4B-00C04F79EFBC}") = "WebApi.DataAccess", "WebApi.DataAccess\WebApi.DataAccess.csproj", "{A66F296F-6DDE-4E1D-B711-3D3B59CA0147}"
EndProject
Global
	GlobalSection(SolutionConfigurationPlatforms) = preSolution
		Debug|Any CPU = Debug|Any CPU
		Release|Any CPU = Release|Any CPU
	EndGlobalSection
	GlobalSection(ProjectConfigurationPlatforms) = postSolution
		{BABB422A-8789-49A2-A205-17906452AD73}.Debug|Any CPU.ActiveCfg = Debug|Any CPU
		{BABB422A-8789-49A2-A205-17906452AD73}.Debug|Any CPU.Build.0 = Debug|Any CPU
		{BABB422A-8789-49A2-A205-17906452AD73}.Release|Any CPU.ActiveCfg = Release|Any CPU
		{BABB422A-8789-49A2-A205-17906452AD73}.Release|Any CPU.Build.0 = Release|Any CPU
		{A66F296F-6DDE-4E1D-B711-3D3B59CA0147}.Debug|Any CPU.ActiveCfg = Debug|Any CPU
		{A66F296F-6DDE-4E1D-B711-3D3B59CA0147}.Debug|Any CPU.Build.0 = Debug|Any CPU
		{A66F296F-6DDE-4E1D-B711-3D3B59CA0147}.Release|Any CPU.ActiveCfg = Release|Any CPU
		{A66F296F-6DDE-4E1D-B711-3D3B59CA0147}.Release|Any CPU.Build.0 = Release|Any CPU
	EndGlobalSection
	GlobalSection(SolutionProperties) = preSolution
		HideSolutionNode = FALSE
	EndGlobalSection
	GlobalSection(ExtensibilityGlobals) = postSolution
		SolutionGuid = {EB3B6763-4A42-49EF-B7D5-353D1C2BA766}
	EndGlobalSection
EndGlobal
